// !$*UTF8*$!
{
	archiveVersion = 1;
	classes = {
	};
	objectVersion = 50;
	objects = {

/* Begin PBXBuildFile section */
		00720BAB231A696C00C82984 /* AppDelegate.swift in Sources */ = {isa = PBXBuildFile; fileRef = 00720BAA231A696C00C82984 /* AppDelegate.swift */; };
		00720BB0231A696C00C82984 /* Main.storyboard in Resources */ = {isa = PBXBuildFile; fileRef = 00720BAE231A696C00C82984 /* Main.storyboard */; };
		00720BB2231A697000C82984 /* Assets.xcassets in Resources */ = {isa = PBXBuildFile; fileRef = 00720BB1231A697000C82984 /* Assets.xcassets */; };
		00720BB5231A697000C82984 /* LaunchScreen.storyboard in Resources */ = {isa = PBXBuildFile; fileRef = 00720BB3231A697000C82984 /* LaunchScreen.storyboard */; };
		00720BBD231A6A0F00C82984 /* Sight.swift in Sources */ = {isa = PBXBuildFile; fileRef = 00720BBC231A6A0F00C82984 /* Sight.swift */; };
		00720BBF231A6A7A00C82984 /* SightListTableViewController.swift in Sources */ = {isa = PBXBuildFile; fileRef = 00720BBE231A6A7A00C82984 /* SightListTableViewController.swift */; };
		00720BC1231A787700C82984 /* SightTableViewCell.swift in Sources */ = {isa = PBXBuildFile; fileRef = 00720BC0231A787700C82984 /* SightTableViewCell.swift */; };
		00BEC140231BAF9B00A8286A /* SightDetailsViewController.swift in Sources */ = {isa = PBXBuildFile; fileRef = 00BEC13F231BAF9B00A8286A /* SightDetailsViewController.swift */; };
		00BEC142231BB5AE00A8286A /* AddNewSightViewController.swift in Sources */ = {isa = PBXBuildFile; fileRef = 00BEC141231BB5AE00A8286A /* AddNewSightViewController.swift */; };
		00BEC146231BBECB00A8286A /* AddSightDelegate.swift in Sources */ = {isa = PBXBuildFile; fileRef = 00BEC145231BBECB00A8286A /* AddSightDelegate.swift */; };
		00BEC148231BCC2700A8286A /* EditSightViewController.swift in Sources */ = {isa = PBXBuildFile; fileRef = 00BEC147231BCC2700A8286A /* EditSightViewController.swift */; };
/* End PBXBuildFile section */

/* Begin PBXFileReference section */
		00720BA7231A696C00C82984 /* Assignment1_Attempt2.app */ = {isa = PBXFileReference; explicitFileType = wrapper.application; includeInIndex = 0; path = Assignment1_Attempt2.app; sourceTree = BUILT_PRODUCTS_DIR; };
		00720BAA231A696C00C82984 /* AppDelegate.swift */ = {isa = PBXFileReference; lastKnownFileType = sourcecode.swift; path = AppDelegate.swift; sourceTree = "<group>"; };
		00720BAF231A696C00C82984 /* Base */ = {isa = PBXFileReference; lastKnownFileType = file.storyboard; name = Base; path = Base.lproj/Main.storyboard; sourceTree = "<group>"; };
		00720BB1231A697000C82984 /* Assets.xcassets */ = {isa = PBXFileReference; lastKnownFileType = folder.assetcatalog; path = Assets.xcassets; sourceTree = "<group>"; };
		00720BB4231A697000C82984 /* Base */ = {isa = PBXFileReference; lastKnownFileType = file.storyboard; name = Base; path = Base.lproj/LaunchScreen.storyboard; sourceTree = "<group>"; };
		00720BB6231A697000C82984 /* Info.plist */ = {isa = PBXFileReference; lastKnownFileType = text.plist.xml; path = Info.plist; sourceTree = "<group>"; };
		00720BBC231A6A0F00C82984 /* Sight.swift */ = {isa = PBXFileReference; lastKnownFileType = sourcecode.swift; path = Sight.swift; sourceTree = "<group>"; };
		00720BBE231A6A7A00C82984 /* SightListTableViewController.swift */ = {isa = PBXFileReference; lastKnownFileType = sourcecode.swift; path = SightListTableViewController.swift; sourceTree = "<group>"; };
		00720BC0231A787700C82984 /* SightTableViewCell.swift */ = {isa = PBXFileReference; lastKnownFileType = sourcecode.swift; path = SightTableViewCell.swift; sourceTree = "<group>"; };
		00BEC13F231BAF9B00A8286A /* SightDetailsViewController.swift */ = {isa = PBXFileReference; lastKnownFileType = sourcecode.swift; path = SightDetailsViewController.swift; sourceTree = "<group>"; };
		00BEC141231BB5AE00A8286A /* AddNewSightViewController.swift */ = {isa = PBXFileReference; lastKnownFileType = sourcecode.swift; path = AddNewSightViewController.swift; sourceTree = "<group>"; };
		00BEC145231BBECB00A8286A /* AddSightDelegate.swift */ = {isa = PBXFileReference; lastKnownFileType = sourcecode.swift; path = AddSightDelegate.swift; sourceTree = "<group>"; };
		00BEC147231BCC2700A8286A /* EditSightViewController.swift */ = {isa = PBXFileReference; lastKnownFileType = sourcecode.swift; path = EditSightViewController.swift; sourceTree = "<group>"; };
/* End PBXFileReference section */

/* Begin PBXFrameworksBuildPhase section */
		00720BA4231A696C00C82984 /* Frameworks */ = {
			isa = PBXFrameworksBuildPhase;
			buildActionMask = 2147483647;
			files = (
			);
			runOnlyForDeploymentPostprocessing = 0;
		};
/* End PBXFrameworksBuildPhase section */

/* Begin PBXGroup section */
		00720B9E231A696C00C82984 = {
			isa = PBXGroup;
			children = (
				00720BA9231A696C00C82984 /* Assignment1_Attempt2 */,
				00720BA8231A696C00C82984 /* Products */,
			);
			sourceTree = "<group>";
		};
		00720BA8231A696C00C82984 /* Products */ = {
			isa = PBXGroup;
			children = (
				00720BA7231A696C00C82984 /* Assignment1_Attempt2.app */,
			);
			name = Products;
			sourceTree = "<group>";
		};
		00720BA9231A696C00C82984 /* Assignment1_Attempt2 */ = {
			isa = PBXGroup;
			children = (
				00720BAA231A696C00C82984 /* AppDelegate.swift */,
				00720BAE231A696C00C82984 /* Main.storyboard */,
				00720BB1231A697000C82984 /* Assets.xcassets */,
				00720BB3231A697000C82984 /* LaunchScreen.storyboard */,
				00720BB6231A697000C82984 /* Info.plist */,
				00720BBC231A6A0F00C82984 /* Sight.swift */,
				00720BBE231A6A7A00C82984 /* SightListTableViewController.swift */,
				00720BC0231A787700C82984 /* SightTableViewCell.swift */,
				00BEC13F231BAF9B00A8286A /* SightDetailsViewController.swift */,
				00BEC141231BB5AE00A8286A /* AddNewSightViewController.swift */,
				00BEC145231BBECB00A8286A /* AddSightDelegate.swift */,
				00BEC147231BCC2700A8286A /* EditSightViewController.swift */,
			);
			path = Assignment1_Attempt2;
			sourceTree = "<group>";
		};
/* End PBXGroup section */

/* Begin PBXNativeTarget section */
		00720BA6231A696C00C82984 /* Assignment1_Attempt2 */ = {
			isa = PBXNativeTarget;
			buildConfigurationList = 00720BB9231A697000C82984 /* Build configuration list for PBXNativeTarget "Assignment1_Attempt2" */;
			buildPhases = (
				00720BA3231A696C00C82984 /* Sources */,
				00720BA4231A696C00C82984 /* Frameworks */,
				00720BA5231A696C00C82984 /* Resources */,
			);
			buildRules = (
			);
			dependencies = (
			);
			name = Assignment1_Attempt2;
			productName = Assignment1_Attempt2;
			productReference = 00720BA7231A696C00C82984 /* Assignment1_Attempt2.app */;
			productType = "com.apple.product-type.application";
		};
/* End PBXNativeTarget section */

/* Begin PBXProject section */
		00720B9F231A696C00C82984 /* Project object */ = {
			isa = PBXProject;
			attributes = {
				LastSwiftUpdateCheck = 1010;
				LastUpgradeCheck = 1010;
				ORGANIZATIONNAME = "Shahrooq Pathan";
				TargetAttributes = {
					00720BA6231A696C00C82984 = {
						CreatedOnToolsVersion = 10.1;
					};
				};
			};
			buildConfigurationList = 00720BA2231A696C00C82984 /* Build configuration list for PBXProject "Assignment1_Attempt2" */;
			compatibilityVersion = "Xcode 9.3";
			developmentRegion = en;
			hasScannedForEncodings = 0;
			knownRegions = (
				en,
				Base,
			);
			mainGroup = 00720B9E231A696C00C82984;
			productRefGroup = 00720BA8231A696C00C82984 /* Products */;
			projectDirPath = "";
			projectRoot = "";
			targets = (
				00720BA6231A696C00C82984 /* Assignment1_Attempt2 */,
			);
		};
/* End PBXProject section */

/* Begin PBXResourcesBuildPhase section */
		00720BA5231A696C00C82984 /* Resources */ = {
			isa = PBXResourcesBuildPhase;
			buildActionMask = 2147483647;
			files = (
				00720BB5231A697000C82984 /* LaunchScreen.storyboard in Resources */,
				00720BB2231A697000C82984 /* Assets.xcassets in Resources */,
				00720BB0231A696C00C82984 /* Main.storyboard in Resources */,
			);
			runOnlyForDeploymentPostprocessing = 0;
		};
/* End PBXResourcesBuildPhase section */

/* Begin PBXSourcesBuildPhase section */
		00720BA3231A696C00C82984 /* Sources */ = {
			isa = PBXSourcesBuildPhase;
			buildActionMask = 2147483647;
			files = (
				00BEC146231BBECB00A8286A /* AddSightDelegate.swift in Sources */,
				00720BBF231A6A7A00C82984 /* SightListTableViewController.swift in Sources */,
				00BEC142231BB5AE00A8286A /* AddNewSightViewController.swift in Sources */,
				00BEC140231BAF9B00A8286A /* SightDetailsViewController.swift in Sources */,
				00BEC148231BCC2700A8286A /* EditSightViewController.swift in Sources */,
				00720BAB231A696C00C82984 /* AppDelegate.swift in Sources */,
				00720BBD231A6A0F00C82984 /* Sight.swift in Sources */,
				00720BC1231A787700C82984 /* SightTableViewCell.swift in Sources */,
			);
			runOnlyForDeploymentPostprocessing = 0;
		};
/* End PBXSourcesBuildPhase section */

/* Begin PBXVariantGroup section */
		00720BAE231A696C00C82984 /* Main.storyboard */ = {
			isa = PBXVariantGroup;
			children = (
				00720BAF231A696C00C82984 /* Base */,
			);
			name = Main.storyboard;
			sourceTree = "<group>";
		};
		00720BB3231A697000C82984 /* LaunchScreen.storyboard */ = {
			isa = PBXVariantGroup;
			children = (
				00720BB4231A697000C82984 /* Base */,
			);
			name = LaunchScreen.storyboard;
			sourceTree = "<group>";
		};
/* End PBXVariantGroup section */

/* Begin XCBuildConfiguration section */
		00720BB7231A697000C82984 /* Debug */ = {
			isa = XCBuildConfiguration;
			buildSettings = {
				ALWAYS_SEARCH_USER_PATHS = NO;
				CLANG_ANALYZER_NONNULL = YES;
				CLANG_ANALYZER_NUMBER_OBJECT_CONVERSION = YES_AGGRESSIVE;
				CLANG_CXX_LANGUAGE_STANDARD = "gnu++14";
				CLANG_CXX_LIBRARY = "libc++";
				CLANG_ENABLE_MODULES = YES;
				CLANG_ENABLE_OBJC_ARC = YES;
				CLANG_ENABLE_OBJC_WEAK = YES;
				CLANG_WARN_BLOCK_CAPTURE_AUTORELEASING = YES;
				CLANG_WARN_BOOL_CONVERSION = YES;
				CLANG_WARN_COMMA = YES;
				CLANG_WARN_CONSTANT_CONVERSION = YES;
				CLANG_WARN_DEPRECATED_OBJC_IMPLEMENTATIONS = YES;
				CLANG_WARN_DIRECT_OBJC_ISA_USAGE = YES_ERROR;
				CLANG_WARN_DOCUMENTATION_COMMENTS = YES;
				CLANG_WARN_EMPTY_BODY = YES;
				CLANG_WARN_ENUM_CONVERSION = YES;
				CLANG_WARN_INFINITE_RECURSION = YES;
				CLANG_WARN_INT_CONVERSION = YES;
				CLANG_WARN_NON_LITERAL_NULL_CONVERSION = YES;
				CLANG_WARN_OBJC_IMPLICIT_RETAIN_SELF = YES;
				CLANG_WARN_OBJC_LITERAL_CONVERSION = YES;
				CLANG_WARN_OBJC_ROOT_CLASS = YES_ERROR;
				CLANG_WARN_RANGE_LOOP_ANALYSIS = YES;
				CLANG_WARN_STRICT_PROTOTYPES = YES;
				CLANG_WARN_SUSPICIOUS_MOVE = YES;
				CLANG_WARN_UNGUARDED_AVAILABILITY = YES_AGGRESSIVE;
				CLANG_WARN_UNREACHABLE_CODE = YES;
				CLANG_WARN__DUPLICATE_METHOD_MATCH = YES;
				CODE_SIGN_IDENTITY = "iPhone Developer";
				COPY_PHASE_STRIP = NO;
				DEBUG_INFORMATION_FORMAT = dwarf;
				ENABLE_STRICT_OBJC_MSGSEND = YES;
				ENABLE_TESTABILITY = YES;
				GCC_C_LANGUAGE_STANDARD = gnu11;
				GCC_DYNAMIC_NO_PIC = NO;
				GCC_NO_COMMON_BLOCKS = YES;
				GCC_OPTIMIZATION_LEVEL = 0;
				GCC_PREPROCESSOR_DEFINITIONS = (
					"DEBUG=1",
					"$(inherited)",
				);
				GCC_WARN_64_TO_32_BIT_CONVERSION = YES;
				GCC_WARN_ABOUT_RETURN_TYPE = YES_ERROR;
				GCC_WARN_UNDECLARED_SELECTOR = YES;
				GCC_WARN_UNINITIALIZED_AUTOS = YES_AGGRESSIVE;
				GCC_WARN_UNUSED_FUNCTION = YES;
				GCC_WARN_UNUSED_VARIABLE = YES;
				IPHONEOS_DEPLOYMENT_TARGET = 12.1;
				MTL_ENABLE_DEBUG_INFO = INCLUDE_SOURCE;
				MTL_FAST_MATH = YES;
				ONLY_ACTIVE_ARCH = YES;
				SDKROOT = iphoneos;
				SWIFT_ACTIVE_COMPILATION_CONDITIONS = DEBUG;
				SWIFT_OPTIMIZATION_LEVEL = "-Onone";
			};
			name = Debug;
		};
		00720BB8231A697000C82984 /* Release */ = {
			isa = XCBuildConfiguration;
			buildSettings = {
				ALWAYS_SEARCH_USER_PATHS = NO;
				CLANG_ANALYZER_NONNULL = YES;
				CLANG_ANALYZER_NUMBER_OBJECT_CONVERSION = YES_AGGRESSIVE;
				CLANG_CXX_LANGUAGE_STANDARD = "gnu++14";
				CLANG_CXX_LIBRARY = "libc++";
				CLANG_ENABLE_MODULES = YES;
				CLANG_ENABLE_OBJC_ARC = YES;
				CLANG_ENABLE_OBJC_WEAK = YES;
				CLANG_WARN_BLOCK_CAPTURE_AUTORELEASING = YES;
				CLANG_WARN_BOOL_CONVERSION = YES;
				CLANG_WARN_COMMA = YES;
				CLANG_WARN_CONSTANT_CONVERSION = YES;
				CLANG_WARN_DEPRECATED_OBJC_IMPLEMENTATIONS = YES;
				CLANG_WARN_DIRECT_OBJC_ISA_USAGE = YES_ERROR;
				CLANG_WARN_DOCUMENTATION_COMMENTS = YES;
				CLANG_WARN_EMPTY_BODY = YES;
				CLANG_WARN_ENUM_CONVERSION = YES;
				CLANG_WARN_INFINITE_RECURSION = YES;
				CLANG_WARN_INT_CONVERSION = YES;
				CLANG_WARN_NON_LITERAL_NULL_CONVERSION = YES;
				CLANG_WARN_OBJC_IMPLICIT_RETAIN_SELF = YES;
				CLANG_WARN_OBJC_LITERAL_CONVERSION = YES;
				CLANG_WARN_OBJC_ROOT_CLASS = YES_ERROR;
				CLANG_WARN_RANGE_LOOP_ANALYSIS = YES;
				CLANG_WARN_STRICT_PROTOTYPES = YES;
				CLANG_WARN_SUSPICIOUS_MOVE = YES;
				CLANG_WARN_UNGUARDED_AVAILABILITY = YES_AGGRESSIVE;
				CLANG_WARN_UNREACHABLE_CODE = YES;
				CLANG_WARN__DUPLICATE_METHOD_MATCH = YES;
				CODE_SIGN_IDENTITY = "iPhone Developer";
				COPY_PHASE_STRIP = NO;
				DEBUG_INFORMATION_FORMAT = "dwarf-with-dsym";
				ENABLE_NS_ASSERTIONS = NO;
				ENABLE_STRICT_OBJC_MSGSEND = YES;
				GCC_C_LANGUAGE_STANDARD = gnu11;
				GCC_NO_COMMON_BLOCKS = YES;
				GCC_WARN_64_TO_32_BIT_CONVERSION = YES;
				GCC_WARN_ABOUT_RETURN_TYPE = YES_ERROR;
				GCC_WARN_UNDECLARED_SELECTOR = YES;
				GCC_WARN_UNINITIALIZED_AUTOS = YES_AGGRESSIVE;
				GCC_WARN_UNUSED_FUNCTION = YES;
				GCC_WARN_UNUSED_VARIABLE = YES;
				IPHONEOS_DEPLOYMENT_TARGET = 12.1;
				MTL_ENABLE_DEBUG_INFO = NO;
				MTL_FAST_MATH = YES;
				SDKROOT = iphoneos;
				SWIFT_COMPILATION_MODE = wholemodule;
				SWIFT_OPTIMIZATION_LEVEL = "-O";
				VALIDATE_PRODUCT = YES;
			};
			name = Release;
		};
		00720BBA231A697000C82984 /* Debug */ = {
			isa = XCBuildConfiguration;
			buildSettings = {
				ASSETCATALOG_COMPILER_APPICON_NAME = AppIcon;
				CODE_SIGN_STYLE = Automatic;
				INFOPLIST_FILE = Assignment1_Attempt2/Info.plist;
				LD_RUNPATH_SEARCH_PATHS = (
					"$(inherited)",
					"@executable_path/Frameworks",
				);
				PRODUCT_BUNDLE_IDENTIFIER = "Monash.Assignment1-Attempt2";
				PRODUCT_NAME = "$(TARGET_NAME)";
				SWIFT_VERSION = 4.2;
				TARGETED_DEVICE_FAMILY = "1,2";
			};
			name = Debug;
		};
		00720BBB231A697000C82984 /* Release */ = {
			isa = XCBuildConfiguration;
			buildSettings = {
				ASSETCATALOG_COMPILER_APPICON_NAME = AppIcon;
				CODE_SIGN_STYLE = Automatic;
				INFOPLIST_FILE = Assignment1_Attempt2/Info.plist;
				LD_RUNPATH_SEARCH_PATHS = (
					"$(inherited)",
					"@executable_path/Frameworks",
				);
				PRODUCT_BUNDLE_IDENTIFIER = "Monash.Assignment1-Attempt2";
				PRODUCT_NAME = "$(TARGET_NAME)";
				SWIFT_VERSION = 4.2;
				TARGETED_DEVICE_FAMILY = "1,2";
			};
			name = Release;
		};
/* End XCBuildConfiguration section */

/* Begin XCConfigurationList section */
		00720BA2231A696C00C82984 /* Build configuration list for PBXProject "Assignment1_Attempt2" */ = {
			isa = XCConfigurationList;
			buildConfigurations = (
				00720BB7231A697000C82984 /* Debug */,
				00720BB8231A697000C82984 /* Release */,
			);
			defaultConfigurationIsVisible = 0;
			defaultConfigurationName = Release;
		};
		00720BB9231A697000C82984 /* Build configuration list for PBXNativeTarget "Assignment1_Attempt2" */ = {
			isa = XCConfigurationList;
			buildConfigurations = (
				00720BBA231A697000C82984 /* Debug */,
				00720BBB231A697000C82984 /* Release */,
			);
			defaultConfigurationIsVisible = 0;
			defaultConfigurationName = Release;
		};
/* End XCConfigurationList section */
	};
	rootObject = 00720B9F231A696C00C82984 /* Project object */;
}
